// !$*UTF8*$!
{
	archiveVersion = 1;
	classes = {
	};
	objectVersion = 46;
	objects = {

/* Begin PBXBuildFile section */
		D508DE3720B091F30085F0E2 /* 500.c in Sources */ = {isa = PBXBuildFile; fileRef = D508DE3620B091F30085F0E2 /* 500.c */; };
		D508DE3A20B136E50085F0E2 /* 682.c in Sources */ = {isa = PBXBuildFile; fileRef = D508DE3920B136E50085F0E2 /* 682.c */; };
		D508DE3D20B1459A0085F0E2 /* 575.c in Sources */ = {isa = PBXBuildFile; fileRef = D508DE3C20B1459A0085F0E2 /* 575.c */; };
		D508DE4020B161540085F0E2 /* 463.c in Sources */ = {isa = PBXBuildFile; fileRef = D508DE3F20B161540085F0E2 /* 463.c */; };
		D508DE4320B168790085F0E2 /* 412.c in Sources */ = {isa = PBXBuildFile; fileRef = D508DE4220B168790085F0E2 /* 412.c */; };
		D508DE4620B16C8D0085F0E2 /* 766.c in Sources */ = {isa = PBXBuildFile; fileRef = D508DE4520B16C8D0085F0E2 /* 766.c */; };
		D508DE4920B194EB0085F0E2 /* 566.c in Sources */ = {isa = PBXBuildFile; fileRef = D508DE4820B194EB0085F0E2 /* 566.c */; };
		D508DE4C20B19C340085F0E2 /* 496.c in Sources */ = {isa = PBXBuildFile; fileRef = D508DE4B20B19C340085F0E2 /* 496.c */; };
		D508DE4F20B19EA10085F0E2 /* 824.c in Sources */ = {isa = PBXBuildFile; fileRef = D508DE4E20B19EA10085F0E2 /* 824.c */; };
		D508DE5220B1A8930085F0E2 /* 693.c in Sources */ = {isa = PBXBuildFile; fileRef = D508DE5120B1A8930085F0E2 /* 693.c */; };
		D508DE5520B2A58C0085F0E2 /* 136.c in Sources */ = {isa = PBXBuildFile; fileRef = D508DE5420B2A58C0085F0E2 /* 136.c */; };
		D508DE5820B2AC030085F0E2 /* 137.c in Sources */ = {isa = PBXBuildFile; fileRef = D508DE5720B2AC030085F0E2 /* 137.c */; };
		D508DE5E20B315870085F0E2 /* 260.c in Sources */ = {isa = PBXBuildFile; fileRef = D508DE5D20B315870085F0E2 /* 260.c */; };
		D508DE6120B317BD0085F0E2 /* 190.c in Sources */ = {isa = PBXBuildFile; fileRef = D508DE6020B317BD0085F0E2 /* 190.c */; };
		D508DE6420B31AF70085F0E2 /* 191.c in Sources */ = {isa = PBXBuildFile; fileRef = D508DE6320B31AF70085F0E2 /* 191.c */; };
		D508DE6720B31D060085F0E2 /* 338.c in Sources */ = {isa = PBXBuildFile; fileRef = D508DE6620B31D060085F0E2 /* 338.c */; };
		D508DE6A20B3248C0085F0E2 /* 292.c in Sources */ = {isa = PBXBuildFile; fileRef = D508DE6920B3248C0085F0E2 /* 292.c */; };
		D508DE6D20B326770085F0E2 /* 104.c in Sources */ = {isa = PBXBuildFile; fileRef = D508DE6C20B326770085F0E2 /* 104.c */; };
		D508DE7020B32A7B0085F0E2 /* 521.c in Sources */ = {isa = PBXBuildFile; fileRef = D508DE6F20B32A7B0085F0E2 /* 521.c */; };
		D508DE7320B32C210085F0E2 /* 485.c in Sources */ = {isa = PBXBuildFile; fileRef = D508DE7220B32C210085F0E2 /* 485.c */; };
		D508DE7620B32F960085F0E2 /* 226.c in Sources */ = {isa = PBXBuildFile; fileRef = D508DE7520B32F960085F0E2 /* 226.c */; };
		D508DE7920B4074D0085F0E2 /* 784.c in Sources */ = {isa = PBXBuildFile; fileRef = D508DE7820B4074D0085F0E2 /* 784.c */; };
		D508DE7C20B40CC10085F0E2 /* 695.c in Sources */ = {isa = PBXBuildFile; fileRef = D508DE7B20B40CC10085F0E2 /* 695.c */; };
		D508DE7F20B4136D0085F0E2 /* 258.c in Sources */ = {isa = PBXBuildFile; fileRef = D508DE7E20B4136D0085F0E2 /* 258.c */; };
		D508DE8220B4155E0085F0E2 /* 520.c in Sources */ = {isa = PBXBuildFile; fileRef = D508DE8120B4155E0085F0E2 /* 520.c */; };
		D508DE8520B41B100085F0E2 /* 283.c in Sources */ = {isa = PBXBuildFile; fileRef = D508DE8420B41B100085F0E2 /* 283.c */; };
		D508DE8B20B53E830085F0E2 /* 796.c in Sources */ = {isa = PBXBuildFile; fileRef = D508DE8A20B53E830085F0E2 /* 796.c */; };
		D54DBD7D2056536A00CD44B1 /* 617.c in Sources */ = {isa = PBXBuildFile; fileRef = D54DBD7C2056536A00CD44B1 /* 617.c */; };
		D54DBD8420565C0D00CD44B1 /* BinaryTree.c in Sources */ = {isa = PBXBuildFile; fileRef = D54DBD8320565C0D00CD44B1 /* BinaryTree.c */; };
		D54DBD872056B0F500CD44B1 /* 669.c in Sources */ = {isa = PBXBuildFile; fileRef = D54DBD862056B0F500CD44B1 /* 669.c */; };
		D54DBD8D2058257500CD44B1 /* List.c in Sources */ = {isa = PBXBuildFile; fileRef = D54DBD8C2058257500CD44B1 /* List.c */; };
		D54DBD902058F5A300CD44B1 /* 206.c in Sources */ = {isa = PBXBuildFile; fileRef = D54DBD8F2058F5A300CD44B1 /* 206.c */; };
		D54DBD932058FDF900CD44B1 /* 637.c in Sources */ = {isa = PBXBuildFile; fileRef = D54DBD922058FDF900CD44B1 /* 637.c */; };
		D54DBD972059A39600CD44B1 /* Bitmap.c in Sources */ = {isa = PBXBuildFile; fileRef = D54DBD962059A39600CD44B1 /* Bitmap.c */; };
		D54DBD9A205A23C600CD44B1 /* queens.c in Sources */ = {isa = PBXBuildFile; fileRef = D54DBD99205A23C600CD44B1 /* queens.c */; };
		D55ABB731F33188C00D3EABC /* main.c in Sources */ = {isa = PBXBuildFile; fileRef = D55ABB721F33188C00D3EABC /* main.c */; };
		D55ABB7B1F33189E00D3EABC /* 650.c in Sources */ = {isa = PBXBuildFile; fileRef = D55ABB791F33189E00D3EABC /* 650.c */; };
		D55ABB7E1F331D5C00D3EABC /* 647.c in Sources */ = {isa = PBXBuildFile; fileRef = D55ABB7C1F331D5C00D3EABC /* 647.c */; };
		D55ABB811F33245C00D3EABC /* 646.c in Sources */ = {isa = PBXBuildFile; fileRef = D55ABB7F1F33245C00D3EABC /* 646.c */; };
		D55ABB841F39FFE200D3EABC /* 655.c in Sources */ = {isa = PBXBuildFile; fileRef = D55ABB821F39FFE200D3EABC /* 655.c */; };
		D59BA17E2090BDEF00A083C5 /* my_string.c in Sources */ = {isa = PBXBuildFile; fileRef = D59BA17D2090BDEF00A083C5 /* my_string.c */; };
		D5BB110620AD6FF200509927 /* 832.c in Sources */ = {isa = PBXBuildFile; fileRef = D5BB110520AD6FF200509927 /* 832.c */; };
		D5BB110920AD8A9700509927 /* 804.c in Sources */ = {isa = PBXBuildFile; fileRef = D5BB110820AD8A9700509927 /* 804.c */; };
		D5BB110C20AEF8E800509927 /* 461.c in Sources */ = {isa = PBXBuildFile; fileRef = D5BB110B20AEF8E800509927 /* 461.c */; };
		D5BB110F20AEFDD900509927 /* 657.c in Sources */ = {isa = PBXBuildFile; fileRef = D5BB110E20AEFDD900509927 /* 657.c */; };
		D5BB111520AF039900509927 /* 728.c in Sources */ = {isa = PBXBuildFile; fileRef = D5BB111420AF039900509927 /* 728.c */; };
		D5BB111820AF089100509927 /* 561.c in Sources */ = {isa = PBXBuildFile; fileRef = D5BB111720AF089100509927 /* 561.c */; };
		D5BB111B20AF186B00509927 /* 811.c in Sources */ = {isa = PBXBuildFile; fileRef = D5BB111A20AF186B00509927 /* 811.c */; };
		D5BB111E20B012F000509927 /* 806.c in Sources */ = {isa = PBXBuildFile; fileRef = D5BB111D20B012F000509927 /* 806.c */; };
		D5BB112120B018E800509927 /* 821.c in Sources */ = {isa = PBXBuildFile; fileRef = D5BB112020B018E800509927 /* 821.c */; };
		D5BB112420B0209500509927 /* 476.c in Sources */ = {isa = PBXBuildFile; fileRef = D5BB112320B0209500509927 /* 476.c */; };
		D5BB112A20B022D000509927 /* 344.c in Sources */ = {isa = PBXBuildFile; fileRef = D5BB112920B022D000509927 /* 344.c */; };
		D5BB112D20B05BCE00509927 /* 557.c in Sources */ = {isa = PBXBuildFile; fileRef = D5BB112C20B05BCE00509927 /* 557.c */; };
		D5C2779B205D57F7005F3FE3 /* Stack.c in Sources */ = {isa = PBXBuildFile; fileRef = D5C2779A205D57F7005F3FE3 /* Stack.c */; };
		D5C2779E205DA095005F3FE3 /* Queue.c in Sources */ = {isa = PBXBuildFile; fileRef = D5C2779D205DA095005F3FE3 /* Queue.c */; };
		D5C277A1205E87CE005F3FE3 /* BST.c in Sources */ = {isa = PBXBuildFile; fileRef = D5C277A0205E87CE005F3FE3 /* BST.c */; };
		D5FD694820B6A02400BDF281 /* 389.c in Sources */ = {isa = PBXBuildFile; fileRef = D5FD694720B6A02400BDF281 /* 389.c */; };
		D5FD694B20B7D9C500BDF281 /* QuickSort.c in Sources */ = {isa = PBXBuildFile; fileRef = D5FD694A20B7D9C500BDF281 /* QuickSort.c */; };
		D5FD694E20B7F18B00BDF281 /* 448.c in Sources */ = {isa = PBXBuildFile; fileRef = D5FD694D20B7F18B00BDF281 /* 448.c */; };
/* End PBXBuildFile section */

/* Begin PBXCopyFilesBuildPhase section */
		D55ABB6D1F33188C00D3EABC /* CopyFiles */ = {
			isa = PBXCopyFilesBuildPhase;
			buildActionMask = 2147483647;
			dstPath = /usr/share/man/man1/;
			dstSubfolderSpec = 0;
			files = (
			);
			runOnlyForDeploymentPostprocessing = 1;
		};
/* End PBXCopyFilesBuildPhase section */

/* Begin PBXFileReference section */
		D508DE3520B091F30085F0E2 /* 500.h */ = {isa = PBXFileReference; lastKnownFileType = sourcecode.c.h; path = 500.h; sourceTree = "<group>"; };
		D508DE3620B091F30085F0E2 /* 500.c */ = {isa = PBXFileReference; lastKnownFileType = sourcecode.c.c; path = 500.c; sourceTree = "<group>"; };
		D508DE3820B136E50085F0E2 /* 682.h */ = {isa = PBXFileReference; lastKnownFileType = sourcecode.c.h; path = 682.h; sourceTree = "<group>"; };
		D508DE3920B136E50085F0E2 /* 682.c */ = {isa = PBXFileReference; lastKnownFileType = sourcecode.c.c; path = 682.c; sourceTree = "<group>"; };
		D508DE3B20B1459A0085F0E2 /* 575.h */ = {isa = PBXFileReference; lastKnownFileType = sourcecode.c.h; path = 575.h; sourceTree = "<group>"; };
		D508DE3C20B1459A0085F0E2 /* 575.c */ = {isa = PBXFileReference; lastKnownFileType = sourcecode.c.c; path = 575.c; sourceTree = "<group>"; };
		D508DE3E20B161540085F0E2 /* 463.h */ = {isa = PBXFileReference; lastKnownFileType = sourcecode.c.h; path = 463.h; sourceTree = "<group>"; };
		D508DE3F20B161540085F0E2 /* 463.c */ = {isa = PBXFileReference; lastKnownFileType = sourcecode.c.c; path = 463.c; sourceTree = "<group>"; };
		D508DE4120B168790085F0E2 /* 412.h */ = {isa = PBXFileReference; lastKnownFileType = sourcecode.c.h; path = 412.h; sourceTree = "<group>"; };
		D508DE4220B168790085F0E2 /* 412.c */ = {isa = PBXFileReference; lastKnownFileType = sourcecode.c.c; path = 412.c; sourceTree = "<group>"; };
		D508DE4420B16C8D0085F0E2 /* 766.h */ = {isa = PBXFileReference; lastKnownFileType = sourcecode.c.h; path = 766.h; sourceTree = "<group>"; };
		D508DE4520B16C8D0085F0E2 /* 766.c */ = {isa = PBXFileReference; lastKnownFileType = sourcecode.c.c; path = 766.c; sourceTree = "<group>"; };
		D508DE4720B194EB0085F0E2 /* 566.h */ = {isa = PBXFileReference; lastKnownFileType = sourcecode.c.h; path = 566.h; sourceTree = "<group>"; };
		D508DE4820B194EB0085F0E2 /* 566.c */ = {isa = PBXFileReference; lastKnownFileType = sourcecode.c.c; path = 566.c; sourceTree = "<group>"; };
		D508DE4A20B19C340085F0E2 /* 496.h */ = {isa = PBXFileReference; lastKnownFileType = sourcecode.c.h; path = 496.h; sourceTree = "<group>"; };
		D508DE4B20B19C340085F0E2 /* 496.c */ = {isa = PBXFileReference; lastKnownFileType = sourcecode.c.c; path = 496.c; sourceTree = "<group>"; };
		D508DE4D20B19EA10085F0E2 /* 824.h */ = {isa = PBXFileReference; lastKnownFileType = sourcecode.c.h; path = 824.h; sourceTree = "<group>"; };
		D508DE4E20B19EA10085F0E2 /* 824.c */ = {isa = PBXFileReference; lastKnownFileType = sourcecode.c.c; path = 824.c; sourceTree = "<group>"; };
		D508DE5020B1A8930085F0E2 /* 693.h */ = {isa = PBXFileReference; lastKnownFileType = sourcecode.c.h; path = 693.h; sourceTree = "<group>"; };
		D508DE5120B1A8930085F0E2 /* 693.c */ = {isa = PBXFileReference; lastKnownFileType = sourcecode.c.c; path = 693.c; sourceTree = "<group>"; };
		D508DE5320B2A58C0085F0E2 /* 136.h */ = {isa = PBXFileReference; lastKnownFileType = sourcecode.c.h; path = 136.h; sourceTree = "<group>"; };
		D508DE5420B2A58C0085F0E2 /* 136.c */ = {isa = PBXFileReference; lastKnownFileType = sourcecode.c.c; path = 136.c; sourceTree = "<group>"; };
		D508DE5620B2AC030085F0E2 /* 137.h */ = {isa = PBXFileReference; lastKnownFileType = sourcecode.c.h; path = 137.h; sourceTree = "<group>"; };
		D508DE5720B2AC030085F0E2 /* 137.c */ = {isa = PBXFileReference; lastKnownFileType = sourcecode.c.c; path = 137.c; sourceTree = "<group>"; };
		D508DE5C20B315870085F0E2 /* 260.h */ = {isa = PBXFileReference; lastKnownFileType = sourcecode.c.h; path = 260.h; sourceTree = "<group>"; };
		D508DE5D20B315870085F0E2 /* 260.c */ = {isa = PBXFileReference; lastKnownFileType = sourcecode.c.c; path = 260.c; sourceTree = "<group>"; };
		D508DE5F20B317BD0085F0E2 /* 190.h */ = {isa = PBXFileReference; lastKnownFileType = sourcecode.c.h; path = 190.h; sourceTree = "<group>"; };
		D508DE6020B317BD0085F0E2 /* 190.c */ = {isa = PBXFileReference; lastKnownFileType = sourcecode.c.c; path = 190.c; sourceTree = "<group>"; };
		D508DE6220B31AF70085F0E2 /* 191.h */ = {isa = PBXFileReference; lastKnownFileType = sourcecode.c.h; path = 191.h; sourceTree = "<group>"; };
		D508DE6320B31AF70085F0E2 /* 191.c */ = {isa = PBXFileReference; lastKnownFileType = sourcecode.c.c; path = 191.c; sourceTree = "<group>"; };
		D508DE6520B31D060085F0E2 /* 338.h */ = {isa = PBXFileReference; lastKnownFileType = sourcecode.c.h; path = 338.h; sourceTree = "<group>"; };
		D508DE6620B31D060085F0E2 /* 338.c */ = {isa = PBXFileReference; lastKnownFileType = sourcecode.c.c; path = 338.c; sourceTree = "<group>"; };
		D508DE6820B3248C0085F0E2 /* 292.h */ = {isa = PBXFileReference; lastKnownFileType = sourcecode.c.h; path = 292.h; sourceTree = "<group>"; };
		D508DE6920B3248C0085F0E2 /* 292.c */ = {isa = PBXFileReference; lastKnownFileType = sourcecode.c.c; path = 292.c; sourceTree = "<group>"; };
		D508DE6B20B326770085F0E2 /* 104.h */ = {isa = PBXFileReference; lastKnownFileType = sourcecode.c.h; path = 104.h; sourceTree = "<group>"; };
		D508DE6C20B326770085F0E2 /* 104.c */ = {isa = PBXFileReference; lastKnownFileType = sourcecode.c.c; path = 104.c; sourceTree = "<group>"; };
		D508DE6E20B32A7B0085F0E2 /* 521.h */ = {isa = PBXFileReference; lastKnownFileType = sourcecode.c.h; path = 521.h; sourceTree = "<group>"; };
		D508DE6F20B32A7B0085F0E2 /* 521.c */ = {isa = PBXFileReference; lastKnownFileType = sourcecode.c.c; path = 521.c; sourceTree = "<group>"; };
		D508DE7120B32C210085F0E2 /* 485.h */ = {isa = PBXFileReference; lastKnownFileType = sourcecode.c.h; path = 485.h; sourceTree = "<group>"; };
		D508DE7220B32C210085F0E2 /* 485.c */ = {isa = PBXFileReference; lastKnownFileType = sourcecode.c.c; path = 485.c; sourceTree = "<group>"; };
		D508DE7420B32F960085F0E2 /* 226.h */ = {isa = PBXFileReference; lastKnownFileType = sourcecode.c.h; path = 226.h; sourceTree = "<group>"; };
		D508DE7520B32F960085F0E2 /* 226.c */ = {isa = PBXFileReference; lastKnownFileType = sourcecode.c.c; path = 226.c; sourceTree = "<group>"; };
		D508DE7720B4074D0085F0E2 /* 784.h */ = {isa = PBXFileReference; lastKnownFileType = sourcecode.c.h; path = 784.h; sourceTree = "<group>"; };
		D508DE7820B4074D0085F0E2 /* 784.c */ = {isa = PBXFileReference; lastKnownFileType = sourcecode.c.c; path = 784.c; sourceTree = "<group>"; };
		D508DE7A20B40CC10085F0E2 /* 695.h */ = {isa = PBXFileReference; lastKnownFileType = sourcecode.c.h; path = 695.h; sourceTree = "<group>"; };
		D508DE7B20B40CC10085F0E2 /* 695.c */ = {isa = PBXFileReference; lastKnownFileType = sourcecode.c.c; path = 695.c; sourceTree = "<group>"; };
		D508DE7D20B4136D0085F0E2 /* 258.h */ = {isa = PBXFileReference; lastKnownFileType = sourcecode.c.h; path = 258.h; sourceTree = "<group>"; };
		D508DE7E20B4136D0085F0E2 /* 258.c */ = {isa = PBXFileReference; lastKnownFileType = sourcecode.c.c; path = 258.c; sourceTree = "<group>"; };
		D508DE8020B4155E0085F0E2 /* 520.h */ = {isa = PBXFileReference; lastKnownFileType = sourcecode.c.h; path = 520.h; sourceTree = "<group>"; };
		D508DE8120B4155E0085F0E2 /* 520.c */ = {isa = PBXFileReference; lastKnownFileType = sourcecode.c.c; path = 520.c; sourceTree = "<group>"; };
		D508DE8320B41B100085F0E2 /* 283.h */ = {isa = PBXFileReference; lastKnownFileType = sourcecode.c.h; path = 283.h; sourceTree = "<group>"; };
		D508DE8420B41B100085F0E2 /* 283.c */ = {isa = PBXFileReference; lastKnownFileType = sourcecode.c.c; path = 283.c; sourceTree = "<group>"; };
		D508DE8920B53E830085F0E2 /* 796.h */ = {isa = PBXFileReference; lastKnownFileType = sourcecode.c.h; path = 796.h; sourceTree = "<group>"; };
		D508DE8A20B53E830085F0E2 /* 796.c */ = {isa = PBXFileReference; lastKnownFileType = sourcecode.c.c; path = 796.c; sourceTree = "<group>"; };
		D54DBD7B2056536A00CD44B1 /* 617.h */ = {isa = PBXFileReference; lastKnownFileType = sourcecode.c.h; path = 617.h; sourceTree = "<group>"; };
		D54DBD7C2056536A00CD44B1 /* 617.c */ = {isa = PBXFileReference; lastKnownFileType = sourcecode.c.c; path = 617.c; sourceTree = "<group>"; };
		D54DBD8220565C0D00CD44B1 /* BinaryTree.h */ = {isa = PBXFileReference; lastKnownFileType = sourcecode.c.h; path = BinaryTree.h; sourceTree = "<group>"; };
		D54DBD8320565C0D00CD44B1 /* BinaryTree.c */ = {isa = PBXFileReference; lastKnownFileType = sourcecode.c.c; path = BinaryTree.c; sourceTree = "<group>"; };
		D54DBD852056B0F500CD44B1 /* 669.h */ = {isa = PBXFileReference; lastKnownFileType = sourcecode.c.h; path = 669.h; sourceTree = "<group>"; };
		D54DBD862056B0F500CD44B1 /* 669.c */ = {isa = PBXFileReference; lastKnownFileType = sourcecode.c.c; path = 669.c; sourceTree = "<group>"; };
		D54DBD8B2058257500CD44B1 /* List.h */ = {isa = PBXFileReference; lastKnownFileType = sourcecode.c.h; path = List.h; sourceTree = "<group>"; };
		D54DBD8C2058257500CD44B1 /* List.c */ = {isa = PBXFileReference; lastKnownFileType = sourcecode.c.c; path = List.c; sourceTree = "<group>"; };
		D54DBD8E2058F5A300CD44B1 /* 206.h */ = {isa = PBXFileReference; lastKnownFileType = sourcecode.c.h; path = 206.h; sourceTree = "<group>"; };
		D54DBD8F2058F5A300CD44B1 /* 206.c */ = {isa = PBXFileReference; lastKnownFileType = sourcecode.c.c; path = 206.c; sourceTree = "<group>"; };
		D54DBD912058FDF900CD44B1 /* 637.h */ = {isa = PBXFileReference; lastKnownFileType = sourcecode.c.h; path = 637.h; sourceTree = "<group>"; };
		D54DBD922058FDF900CD44B1 /* 637.c */ = {isa = PBXFileReference; lastKnownFileType = sourcecode.c.c; path = 637.c; sourceTree = "<group>"; };
		D54DBD952059A39600CD44B1 /* Bitmap.h */ = {isa = PBXFileReference; lastKnownFileType = sourcecode.c.h; path = Bitmap.h; sourceTree = "<group>"; };
		D54DBD962059A39600CD44B1 /* Bitmap.c */ = {isa = PBXFileReference; lastKnownFileType = sourcecode.c.c; path = Bitmap.c; sourceTree = "<group>"; };
		D54DBD98205A23C600CD44B1 /* queens.h */ = {isa = PBXFileReference; lastKnownFileType = sourcecode.c.h; path = queens.h; sourceTree = "<group>"; };
		D54DBD99205A23C600CD44B1 /* queens.c */ = {isa = PBXFileReference; lastKnownFileType = sourcecode.c.c; path = queens.c; sourceTree = "<group>"; };
		D55ABB6F1F33188C00D3EABC /* Leetcode */ = {isa = PBXFileReference; explicitFileType = "compiled.mach-o.executable"; includeInIndex = 0; path = Leetcode; sourceTree = BUILT_PRODUCTS_DIR; };
		D55ABB721F33188C00D3EABC /* main.c */ = {isa = PBXFileReference; lastKnownFileType = sourcecode.c.c; path = main.c; sourceTree = "<group>"; };
		D55ABB791F33189E00D3EABC /* 650.c */ = {isa = PBXFileReference; fileEncoding = 4; lastKnownFileType = sourcecode.c.c; path = 650.c; sourceTree = "<group>"; };
		D55ABB7A1F33189E00D3EABC /* 650.h */ = {isa = PBXFileReference; fileEncoding = 4; lastKnownFileType = sourcecode.c.h; path = 650.h; sourceTree = "<group>"; };
		D55ABB7C1F331D5C00D3EABC /* 647.c */ = {isa = PBXFileReference; fileEncoding = 4; lastKnownFileType = sourcecode.c.c; path = 647.c; sourceTree = "<group>"; };
		D55ABB7D1F331D5C00D3EABC /* 647.h */ = {isa = PBXFileReference; fileEncoding = 4; lastKnownFileType = sourcecode.c.h; path = 647.h; sourceTree = "<group>"; };
		D55ABB7F1F33245C00D3EABC /* 646.c */ = {isa = PBXFileReference; fileEncoding = 4; lastKnownFileType = sourcecode.c.c; path = 646.c; sourceTree = "<group>"; };
		D55ABB801F33245C00D3EABC /* 646.h */ = {isa = PBXFileReference; fileEncoding = 4; lastKnownFileType = sourcecode.c.h; path = 646.h; sourceTree = "<group>"; };
		D55ABB821F39FFE200D3EABC /* 655.c */ = {isa = PBXFileReference; fileEncoding = 4; lastKnownFileType = sourcecode.c.c; path = 655.c; sourceTree = "<group>"; };
		D55ABB831F39FFE200D3EABC /* 655.h */ = {isa = PBXFileReference; fileEncoding = 4; lastKnownFileType = sourcecode.c.h; path = 655.h; sourceTree = "<group>"; };
		D59BA17C2090BDEF00A083C5 /* my_string.h */ = {isa = PBXFileReference; lastKnownFileType = sourcecode.c.h; path = my_string.h; sourceTree = "<group>"; };
		D59BA17D2090BDEF00A083C5 /* my_string.c */ = {isa = PBXFileReference; lastKnownFileType = sourcecode.c.c; path = my_string.c; sourceTree = "<group>"; };
		D5BB110420AD6FF200509927 /* 832.h */ = {isa = PBXFileReference; lastKnownFileType = sourcecode.c.h; path = 832.h; sourceTree = "<group>"; };
		D5BB110520AD6FF200509927 /* 832.c */ = {isa = PBXFileReference; lastKnownFileType = sourcecode.c.c; path = 832.c; sourceTree = "<group>"; };
		D5BB110720AD8A9700509927 /* 804.h */ = {isa = PBXFileReference; lastKnownFileType = sourcecode.c.h; path = 804.h; sourceTree = "<group>"; };
		D5BB110820AD8A9700509927 /* 804.c */ = {isa = PBXFileReference; lastKnownFileType = sourcecode.c.c; path = 804.c; sourceTree = "<group>"; };
		D5BB110A20AEF8E800509927 /* 461.h */ = {isa = PBXFileReference; lastKnownFileType = sourcecode.c.h; path = 461.h; sourceTree = "<group>"; };
		D5BB110B20AEF8E800509927 /* 461.c */ = {isa = PBXFileReference; lastKnownFileType = sourcecode.c.c; path = 461.c; sourceTree = "<group>"; };
		D5BB110D20AEFDD900509927 /* 657.h */ = {isa = PBXFileReference; lastKnownFileType = sourcecode.c.h; path = 657.h; sourceTree = "<group>"; };
		D5BB110E20AEFDD900509927 /* 657.c */ = {isa = PBXFileReference; lastKnownFileType = sourcecode.c.c; path = 657.c; sourceTree = "<group>"; };
		D5BB111320AF039900509927 /* 728.h */ = {isa = PBXFileReference; lastKnownFileType = sourcecode.c.h; path = 728.h; sourceTree = "<group>"; };
		D5BB111420AF039900509927 /* 728.c */ = {isa = PBXFileReference; lastKnownFileType = sourcecode.c.c; path = 728.c; sourceTree = "<group>"; };
		D5BB111620AF089100509927 /* 561.h */ = {isa = PBXFileReference; lastKnownFileType = sourcecode.c.h; path = 561.h; sourceTree = "<group>"; };
		D5BB111720AF089100509927 /* 561.c */ = {isa = PBXFileReference; lastKnownFileType = sourcecode.c.c; path = 561.c; sourceTree = "<group>"; };
		D5BB111920AF186B00509927 /* 811.h */ = {isa = PBXFileReference; lastKnownFileType = sourcecode.c.h; path = 811.h; sourceTree = "<group>"; };
		D5BB111A20AF186B00509927 /* 811.c */ = {isa = PBXFileReference; lastKnownFileType = sourcecode.c.c; path = 811.c; sourceTree = "<group>"; };
		D5BB111C20B012F000509927 /* 806.h */ = {isa = PBXFileReference; lastKnownFileType = sourcecode.c.h; path = 806.h; sourceTree = "<group>"; };
		D5BB111D20B012F000509927 /* 806.c */ = {isa = PBXFileReference; lastKnownFileType = sourcecode.c.c; path = 806.c; sourceTree = "<group>"; };
		D5BB111F20B018E800509927 /* 821.h */ = {isa = PBXFileReference; lastKnownFileType = sourcecode.c.h; path = 821.h; sourceTree = "<group>"; };
		D5BB112020B018E800509927 /* 821.c */ = {isa = PBXFileReference; lastKnownFileType = sourcecode.c.c; path = 821.c; sourceTree = "<group>"; };
		D5BB112220B0209500509927 /* 476.h */ = {isa = PBXFileReference; lastKnownFileType = sourcecode.c.h; path = 476.h; sourceTree = "<group>"; };
		D5BB112320B0209500509927 /* 476.c */ = {isa = PBXFileReference; lastKnownFileType = sourcecode.c.c; path = 476.c; sourceTree = "<group>"; };
		D5BB112820B022D000509927 /* 344.h */ = {isa = PBXFileReference; lastKnownFileType = sourcecode.c.h; path = 344.h; sourceTree = "<group>"; };
		D5BB112920B022D000509927 /* 344.c */ = {isa = PBXFileReference; lastKnownFileType = sourcecode.c.c; path = 344.c; sourceTree = "<group>"; };
		D5BB112B20B05BCE00509927 /* 557.h */ = {isa = PBXFileReference; lastKnownFileType = sourcecode.c.h; path = 557.h; sourceTree = "<group>"; };
		D5BB112C20B05BCE00509927 /* 557.c */ = {isa = PBXFileReference; lastKnownFileType = sourcecode.c.c; path = 557.c; sourceTree = "<group>"; };
		D5C27799205D57F7005F3FE3 /* Stack.h */ = {isa = PBXFileReference; lastKnownFileType = sourcecode.c.h; path = Stack.h; sourceTree = "<group>"; };
		D5C2779A205D57F7005F3FE3 /* Stack.c */ = {isa = PBXFileReference; lastKnownFileType = sourcecode.c.c; path = Stack.c; sourceTree = "<group>"; };
		D5C2779C205DA095005F3FE3 /* Queue.h */ = {isa = PBXFileReference; lastKnownFileType = sourcecode.c.h; path = Queue.h; sourceTree = "<group>"; };
		D5C2779D205DA095005F3FE3 /* Queue.c */ = {isa = PBXFileReference; lastKnownFileType = sourcecode.c.c; path = Queue.c; sourceTree = "<group>"; };
		D5C2779F205E87CE005F3FE3 /* BST.h */ = {isa = PBXFileReference; lastKnownFileType = sourcecode.c.h; path = BST.h; sourceTree = "<group>"; };
		D5C277A0205E87CE005F3FE3 /* BST.c */ = {isa = PBXFileReference; lastKnownFileType = sourcecode.c.c; path = BST.c; sourceTree = "<group>"; };
		D5FD694620B6A02400BDF281 /* 389.h */ = {isa = PBXFileReference; lastKnownFileType = sourcecode.c.h; path = 389.h; sourceTree = "<group>"; };
		D5FD694720B6A02400BDF281 /* 389.c */ = {isa = PBXFileReference; lastKnownFileType = sourcecode.c.c; path = 389.c; sourceTree = "<group>"; };
		D5FD694920B7D9C500BDF281 /* QuickSort.h */ = {isa = PBXFileReference; lastKnownFileType = sourcecode.c.h; path = QuickSort.h; sourceTree = "<group>"; };
		D5FD694A20B7D9C500BDF281 /* QuickSort.c */ = {isa = PBXFileReference; lastKnownFileType = sourcecode.c.c; path = QuickSort.c; sourceTree = "<group>"; };
		D5FD694C20B7F18B00BDF281 /* 448.h */ = {isa = PBXFileReference; lastKnownFileType = sourcecode.c.h; path = 448.h; sourceTree = "<group>"; };
		D5FD694D20B7F18B00BDF281 /* 448.c */ = {isa = PBXFileReference; lastKnownFileType = sourcecode.c.c; path = 448.c; sourceTree = "<group>"; };
/* End PBXFileReference section */

/* Begin PBXFrameworksBuildPhase section */
		D55ABB6C1F33188C00D3EABC /* Frameworks */ = {
			isa = PBXFrameworksBuildPhase;
			buildActionMask = 2147483647;
			files = (
			);
			runOnlyForDeploymentPostprocessing = 0;
		};
/* End PBXFrameworksBuildPhase section */

/* Begin PBXGroup section */
		D54DBD8020565BD700CD44B1 /* DataStructure */ = {
			isa = PBXGroup;
			children = (
				D54DBD952059A39600CD44B1 /* Bitmap.h */,
				D54DBD962059A39600CD44B1 /* Bitmap.c */,
				D54DBD8220565C0D00CD44B1 /* BinaryTree.h */,
				D54DBD8320565C0D00CD44B1 /* BinaryTree.c */,
				D54DBD8B2058257500CD44B1 /* List.h */,
				D54DBD8C2058257500CD44B1 /* List.c */,
				D5C27799205D57F7005F3FE3 /* Stack.h */,
				D5C2779A205D57F7005F3FE3 /* Stack.c */,
				D5C2779C205DA095005F3FE3 /* Queue.h */,
				D5C2779D205DA095005F3FE3 /* Queue.c */,
				D5C2779F205E87CE005F3FE3 /* BST.h */,
				D5C277A0205E87CE005F3FE3 /* BST.c */,
				D5FD694920B7D9C500BDF281 /* QuickSort.h */,
				D5FD694A20B7D9C500BDF281 /* QuickSort.c */,
			);
			path = DataStructure;
			sourceTree = "<group>";
		};
		D54DBD942059A37900CD44B1 /* Common */ = {
			isa = PBXGroup;
			children = (
			);
			path = Common;
			sourceTree = "<group>";
		};
		D55ABB661F33188C00D3EABC = {
			isa = PBXGroup;
			children = (
				D59BA17B2090BDD600A083C5 /* String */,
				D55ABB711F33188C00D3EABC /* Leetcode */,
				D55ABB701F33188C00D3EABC /* Products */,
			);
			sourceTree = "<group>";
		};
		D55ABB701F33188C00D3EABC /* Products */ = {
			isa = PBXGroup;
			children = (
				D55ABB6F1F33188C00D3EABC /* Leetcode */,
			);
			name = Products;
			sourceTree = "<group>";
		};
		D55ABB711F33188C00D3EABC /* Leetcode */ = {
			isa = PBXGroup;
			children = (
				D54DBD942059A37900CD44B1 /* Common */,
				D54DBD8020565BD700CD44B1 /* DataStructure */,
				D55ABB721F33188C00D3EABC /* main.c */,
				D55ABB791F33189E00D3EABC /* 650.c */,
				D55ABB7A1F33189E00D3EABC /* 650.h */,
				D55ABB7C1F331D5C00D3EABC /* 647.c */,
				D55ABB7D1F331D5C00D3EABC /* 647.h */,
				D55ABB7F1F33245C00D3EABC /* 646.c */,
				D55ABB821F39FFE200D3EABC /* 655.c */,
				D55ABB831F39FFE200D3EABC /* 655.h */,
				D55ABB801F33245C00D3EABC /* 646.h */,
				D54DBD7B2056536A00CD44B1 /* 617.h */,
				D54DBD7C2056536A00CD44B1 /* 617.c */,
				D54DBD852056B0F500CD44B1 /* 669.h */,
				D54DBD862056B0F500CD44B1 /* 669.c */,
				D54DBD8E2058F5A300CD44B1 /* 206.h */,
				D54DBD8F2058F5A300CD44B1 /* 206.c */,
				D54DBD912058FDF900CD44B1 /* 637.h */,
				D54DBD922058FDF900CD44B1 /* 637.c */,
				D54DBD98205A23C600CD44B1 /* queens.h */,
				D54DBD99205A23C600CD44B1 /* queens.c */,
				D5BB110420AD6FF200509927 /* 832.h */,
				D5BB110520AD6FF200509927 /* 832.c */,
				D5BB110720AD8A9700509927 /* 804.h */,
				D5BB110820AD8A9700509927 /* 804.c */,
				D5BB110A20AEF8E800509927 /* 461.h */,
				D5BB110B20AEF8E800509927 /* 461.c */,
				D5BB110D20AEFDD900509927 /* 657.h */,
				D5BB110E20AEFDD900509927 /* 657.c */,
				D5BB111320AF039900509927 /* 728.h */,
				D5BB111420AF039900509927 /* 728.c */,
				D5BB111620AF089100509927 /* 561.h */,
				D5BB111720AF089100509927 /* 561.c */,
				D5BB111920AF186B00509927 /* 811.h */,
				D5BB111A20AF186B00509927 /* 811.c */,
				D5BB111C20B012F000509927 /* 806.h */,
				D5BB111D20B012F000509927 /* 806.c */,
				D5BB111F20B018E800509927 /* 821.h */,
				D5BB112020B018E800509927 /* 821.c */,
				D5BB112220B0209500509927 /* 476.h */,
				D5BB112320B0209500509927 /* 476.c */,
				D5BB112820B022D000509927 /* 344.h */,
				D5BB112920B022D000509927 /* 344.c */,
				D5BB112B20B05BCE00509927 /* 557.h */,
				D5BB112C20B05BCE00509927 /* 557.c */,
				D508DE3520B091F30085F0E2 /* 500.h */,
				D508DE3620B091F30085F0E2 /* 500.c */,
				D508DE3820B136E50085F0E2 /* 682.h */,
				D508DE3920B136E50085F0E2 /* 682.c */,
				D508DE3B20B1459A0085F0E2 /* 575.h */,
				D508DE3C20B1459A0085F0E2 /* 575.c */,
				D508DE3E20B161540085F0E2 /* 463.h */,
				D508DE3F20B161540085F0E2 /* 463.c */,
				D508DE4120B168790085F0E2 /* 412.h */,
				D508DE4220B168790085F0E2 /* 412.c */,
				D508DE4420B16C8D0085F0E2 /* 766.h */,
				D508DE4520B16C8D0085F0E2 /* 766.c */,
				D508DE4720B194EB0085F0E2 /* 566.h */,
				D508DE4820B194EB0085F0E2 /* 566.c */,
				D508DE4A20B19C340085F0E2 /* 496.h */,
				D508DE4B20B19C340085F0E2 /* 496.c */,
				D508DE4D20B19EA10085F0E2 /* 824.h */,
				D508DE4E20B19EA10085F0E2 /* 824.c */,
				D508DE5020B1A8930085F0E2 /* 693.h */,
				D508DE5120B1A8930085F0E2 /* 693.c */,
				D508DE5320B2A58C0085F0E2 /* 136.h */,
				D508DE5420B2A58C0085F0E2 /* 136.c */,
				D508DE5620B2AC030085F0E2 /* 137.h */,
				D508DE5720B2AC030085F0E2 /* 137.c */,
				D508DE5C20B315870085F0E2 /* 260.h */,
				D508DE5D20B315870085F0E2 /* 260.c */,
				D508DE5F20B317BD0085F0E2 /* 190.h */,
				D508DE6020B317BD0085F0E2 /* 190.c */,
				D508DE6220B31AF70085F0E2 /* 191.h */,
				D508DE6320B31AF70085F0E2 /* 191.c */,
				D508DE6520B31D060085F0E2 /* 338.h */,
				D508DE6620B31D060085F0E2 /* 338.c */,
				D508DE6820B3248C0085F0E2 /* 292.h */,
				D508DE6920B3248C0085F0E2 /* 292.c */,
				D508DE6B20B326770085F0E2 /* 104.h */,
				D508DE6C20B326770085F0E2 /* 104.c */,
				D508DE6E20B32A7B0085F0E2 /* 521.h */,
				D508DE6F20B32A7B0085F0E2 /* 521.c */,
				D508DE7120B32C210085F0E2 /* 485.h */,
				D508DE7220B32C210085F0E2 /* 485.c */,
				D508DE7420B32F960085F0E2 /* 226.h */,
				D508DE7520B32F960085F0E2 /* 226.c */,
				D508DE7720B4074D0085F0E2 /* 784.h */,
				D508DE7820B4074D0085F0E2 /* 784.c */,
				D508DE7A20B40CC10085F0E2 /* 695.h */,
				D508DE7B20B40CC10085F0E2 /* 695.c */,
				D508DE7D20B4136D0085F0E2 /* 258.h */,
				D508DE7E20B4136D0085F0E2 /* 258.c */,
				D508DE8020B4155E0085F0E2 /* 520.h */,
				D508DE8120B4155E0085F0E2 /* 520.c */,
				D508DE8320B41B100085F0E2 /* 283.h */,
				D508DE8420B41B100085F0E2 /* 283.c */,
				D508DE8920B53E830085F0E2 /* 796.h */,
				D508DE8A20B53E830085F0E2 /* 796.c */,
				D5FD694620B6A02400BDF281 /* 389.h */,
				D5FD694720B6A02400BDF281 /* 389.c */,
				D5FD694C20B7F18B00BDF281 /* 448.h */,
				D5FD694D20B7F18B00BDF281 /* 448.c */,
			);
			path = Leetcode;
			sourceTree = "<group>";
		};
		D59BA17B2090BDD600A083C5 /* String */ = {
			isa = PBXGroup;
			children = (
				D59BA17C2090BDEF00A083C5 /* my_string.h */,
				D59BA17D2090BDEF00A083C5 /* my_string.c */,
			);
			path = String;
			sourceTree = "<group>";
		};
/* End PBXGroup section */

/* Begin PBXNativeTarget section */
		D55ABB6E1F33188C00D3EABC /* Leetcode */ = {
			isa = PBXNativeTarget;
			buildConfigurationList = D55ABB761F33188C00D3EABC /* Build configuration list for PBXNativeTarget "Leetcode" */;
			buildPhases = (
				D55ABB6B1F33188C00D3EABC /* Sources */,
				D55ABB6C1F33188C00D3EABC /* Frameworks */,
				D55ABB6D1F33188C00D3EABC /* CopyFiles */,
			);
			buildRules = (
			);
			dependencies = (
			);
			name = Leetcode;
			productName = Leetcode;
			productReference = D55ABB6F1F33188C00D3EABC /* Leetcode */;
			productType = "com.apple.product-type.tool";
		};
/* End PBXNativeTarget section */

/* Begin PBXProject section */
		D55ABB671F33188C00D3EABC /* Project object */ = {
			isa = PBXProject;
			attributes = {
				LastUpgradeCheck = 0930;
				ORGANIZATIONNAME = "胡星宇";
				TargetAttributes = {
					D55ABB6E1F33188C00D3EABC = {
						CreatedOnToolsVersion = 8.3.3;
						ProvisioningStyle = Automatic;
					};
				};
			};
			buildConfigurationList = D55ABB6A1F33188C00D3EABC /* Build configuration list for PBXProject "Leetcode" */;
			compatibilityVersion = "Xcode 3.2";
			developmentRegion = English;
			hasScannedForEncodings = 0;
			knownRegions = (
				en,
			);
			mainGroup = D55ABB661F33188C00D3EABC;
			productRefGroup = D55ABB701F33188C00D3EABC /* Products */;
			projectDirPath = "";
			projectRoot = "";
			targets = (
				D55ABB6E1F33188C00D3EABC /* Leetcode */,
			);
		};
/* End PBXProject section */

/* Begin PBXSourcesBuildPhase section */
		D55ABB6B1F33188C00D3EABC /* Sources */ = {
			isa = PBXSourcesBuildPhase;
			buildActionMask = 2147483647;
			files = (
				D508DE8B20B53E830085F0E2 /* 796.c in Sources */,
				D508DE6A20B3248C0085F0E2 /* 292.c in Sources */,
				D508DE6720B31D060085F0E2 /* 338.c in Sources */,
				D5FD694B20B7D9C500BDF281 /* QuickSort.c in Sources */,
				D508DE6120B317BD0085F0E2 /* 190.c in Sources */,
				D508DE8520B41B100085F0E2 /* 283.c in Sources */,
				D508DE5E20B315870085F0E2 /* 260.c in Sources */,
				D508DE5220B1A8930085F0E2 /* 693.c in Sources */,
				D508DE4F20B19EA10085F0E2 /* 824.c in Sources */,
				D508DE3D20B1459A0085F0E2 /* 575.c in Sources */,
				D508DE7C20B40CC10085F0E2 /* 695.c in Sources */,
				D5FD694E20B7F18B00BDF281 /* 448.c in Sources */,
				D5BB112120B018E800509927 /* 821.c in Sources */,
				D508DE6420B31AF70085F0E2 /* 191.c in Sources */,
				D508DE7020B32A7B0085F0E2 /* 521.c in Sources */,
				D5BB110F20AEFDD900509927 /* 657.c in Sources */,
				D5FD694820B6A02400BDF281 /* 389.c in Sources */,
				D5BB110C20AEF8E800509927 /* 461.c in Sources */,
				D5C2779E205DA095005F3FE3 /* Queue.c in Sources */,
				D54DBD932058FDF900CD44B1 /* 637.c in Sources */,
				D5BB110920AD8A9700509927 /* 804.c in Sources */,
				D5BB111B20AF186B00509927 /* 811.c in Sources */,
				D54DBD7D2056536A00CD44B1 /* 617.c in Sources */,
				D508DE4620B16C8D0085F0E2 /* 766.c in Sources */,
				D54DBD8D2058257500CD44B1 /* List.c in Sources */,
				D508DE4320B168790085F0E2 /* 412.c in Sources */,
				D5BB112D20B05BCE00509927 /* 557.c in Sources */,
				D508DE3720B091F30085F0E2 /* 500.c in Sources */,
				D55ABB7E1F331D5C00D3EABC /* 647.c in Sources */,
				D55ABB731F33188C00D3EABC /* main.c in Sources */,
				D5BB112420B0209500509927 /* 476.c in Sources */,
				D5BB111E20B012F000509927 /* 806.c in Sources */,
				D5BB111520AF039900509927 /* 728.c in Sources */,
				D508DE5820B2AC030085F0E2 /* 137.c in Sources */,
				D508DE6D20B326770085F0E2 /* 104.c in Sources */,
				D54DBD872056B0F500CD44B1 /* 669.c in Sources */,
				D5C2779B205D57F7005F3FE3 /* Stack.c in Sources */,
				D55ABB811F33245C00D3EABC /* 646.c in Sources */,
				D508DE8220B4155E0085F0E2 /* 520.c in Sources */,
				D59BA17E2090BDEF00A083C5 /* my_string.c in Sources */,
				D508DE4920B194EB0085F0E2 /* 566.c in Sources */,
				D55ABB841F39FFE200D3EABC /* 655.c in Sources */,
				D508DE3A20B136E50085F0E2 /* 682.c in Sources */,
				D5BB110620AD6FF200509927 /* 832.c in Sources */,
				D55ABB7B1F33189E00D3EABC /* 650.c in Sources */,
				D5BB112A20B022D000509927 /* 344.c in Sources */,
				D508DE4020B161540085F0E2 /* 463.c in Sources */,
				D508DE7920B4074D0085F0E2 /* 784.c in Sources */,
				D5BB111820AF089100509927 /* 561.c in Sources */,
				D54DBD9A205A23C600CD44B1 /* queens.c in Sources */,
				D508DE5520B2A58C0085F0E2 /* 136.c in Sources */,
				D508DE4C20B19C340085F0E2 /* 496.c in Sources */,
				D508DE7620B32F960085F0E2 /* 226.c in Sources */,
				D54DBD972059A39600CD44B1 /* Bitmap.c in Sources */,
				D54DBD902058F5A300CD44B1 /* 206.c in Sources */,
				D54DBD8420565C0D00CD44B1 /* BinaryTree.c in Sources */,
				D508DE7F20B4136D0085F0E2 /* 258.c in Sources */,
				D5C277A1205E87CE005F3FE3 /* BST.c in Sources */,
				D508DE7320B32C210085F0E2 /* 485.c in Sources */,
			);
			runOnlyForDeploymentPostprocessing = 0;
		};
/* End PBXSourcesBuildPhase section */

/* Begin XCBuildConfiguration section */
		D55ABB741F33188C00D3EABC /* Debug */ = {
			isa = XCBuildConfiguration;
			buildSettings = {
				ALWAYS_SEARCH_USER_PATHS = NO;
				CLANG_ANALYZER_NONNULL = YES;
				CLANG_ANALYZER_NUMBER_OBJECT_CONVERSION = YES_AGGRESSIVE;
				CLANG_CXX_LANGUAGE_STANDARD = "gnu++0x";
				CLANG_CXX_LIBRARY = "libc++";
				CLANG_ENABLE_MODULES = YES;
				CLANG_ENABLE_OBJC_ARC = YES;
				CLANG_WARN_BLOCK_CAPTURE_AUTORELEASING = YES;
				CLANG_WARN_BOOL_CONVERSION = YES;
				CLANG_WARN_COMMA = YES;
				CLANG_WARN_CONSTANT_CONVERSION = YES;
				CLANG_WARN_DEPRECATED_OBJC_IMPLEMENTATIONS = YES;
				CLANG_WARN_DIRECT_OBJC_ISA_USAGE = YES_ERROR;
				CLANG_WARN_DOCUMENTATION_COMMENTS = YES;
				CLANG_WARN_EMPTY_BODY = YES;
				CLANG_WARN_ENUM_CONVERSION = YES;
				CLANG_WARN_INFINITE_RECURSION = YES;
				CLANG_WARN_INT_CONVERSION = YES;
				CLANG_WARN_NON_LITERAL_NULL_CONVERSION = YES;
				CLANG_WARN_OBJC_IMPLICIT_RETAIN_SELF = YES;
				CLANG_WARN_OBJC_LITERAL_CONVERSION = YES;
				CLANG_WARN_OBJC_ROOT_CLASS = YES_ERROR;
				CLANG_WARN_RANGE_LOOP_ANALYSIS = YES;
				CLANG_WARN_STRICT_PROTOTYPES = YES;
				CLANG_WARN_SUSPICIOUS_MOVE = YES;
				CLANG_WARN_UNREACHABLE_CODE = YES;
				CLANG_WARN__DUPLICATE_METHOD_MATCH = YES;
				CODE_SIGN_IDENTITY = "-";
				COPY_PHASE_STRIP = NO;
				DEBUG_INFORMATION_FORMAT = dwarf;
				ENABLE_STRICT_OBJC_MSGSEND = YES;
				ENABLE_TESTABILITY = YES;
				GCC_C_LANGUAGE_STANDARD = gnu99;
				GCC_DYNAMIC_NO_PIC = NO;
				GCC_NO_COMMON_BLOCKS = YES;
				GCC_OPTIMIZATION_LEVEL = 0;
				GCC_PREPROCESSOR_DEFINITIONS = (
					"DEBUG=1",
					"$(inherited)",
				);
				GCC_WARN_64_TO_32_BIT_CONVERSION = YES;
				GCC_WARN_ABOUT_RETURN_TYPE = YES_ERROR;
				GCC_WARN_UNDECLARED_SELECTOR = YES;
				GCC_WARN_UNINITIALIZED_AUTOS = YES_AGGRESSIVE;
				GCC_WARN_UNUSED_FUNCTION = YES;
				GCC_WARN_UNUSED_VARIABLE = YES;
				MACOSX_DEPLOYMENT_TARGET = 10.12;
				MTL_ENABLE_DEBUG_INFO = YES;
				ONLY_ACTIVE_ARCH = YES;
				SDKROOT = macosx;
			};
			name = Debug;
		};
		D55ABB751F33188C00D3EABC /* Release */ = {
			isa = XCBuildConfiguration;
			buildSettings = {
				ALWAYS_SEARCH_USER_PATHS = NO;
				CLANG_ANALYZER_NONNULL = YES;
				CLANG_ANALYZER_NUMBER_OBJECT_CONVERSION = YES_AGGRESSIVE;
				CLANG_CXX_LANGUAGE_STANDARD = "gnu++0x";
				CLANG_CXX_LIBRARY = "libc++";
				CLANG_ENABLE_MODULES = YES;
				CLANG_ENABLE_OBJC_ARC = YES;
				CLANG_WARN_BLOCK_CAPTURE_AUTORELEASING = YES;
				CLANG_WARN_BOOL_CONVERSION = YES;
				CLANG_WARN_COMMA = YES;
				CLANG_WARN_CONSTANT_CONVERSION = YES;
				CLANG_WARN_DEPRECATED_OBJC_IMPLEMENTATIONS = YES;
				CLANG_WARN_DIRECT_OBJC_ISA_USAGE = YES_ERROR;
				CLANG_WARN_DOCUMENTATION_COMMENTS = YES;
				CLANG_WARN_EMPTY_BODY = YES;
				CLANG_WARN_ENUM_CONVERSION = YES;
				CLANG_WARN_INFINITE_RECURSION = YES;
				CLANG_WARN_INT_CONVERSION = YES;
				CLANG_WARN_NON_LITERAL_NULL_CONVERSION = YES;
				CLANG_WARN_OBJC_IMPLICIT_RETAIN_SELF = YES;
				CLANG_WARN_OBJC_LITERAL_CONVERSION = YES;
				CLANG_WARN_OBJC_ROOT_CLASS = YES_ERROR;
				CLANG_WARN_RANGE_LOOP_ANALYSIS = YES;
				CLANG_WARN_STRICT_PROTOTYPES = YES;
				CLANG_WARN_SUSPICIOUS_MOVE = YES;
				CLANG_WARN_UNREACHABLE_CODE = YES;
				CLANG_WARN__DUPLICATE_METHOD_MATCH = YES;
				CODE_SIGN_IDENTITY = "-";
				COPY_PHASE_STRIP = NO;
				DEBUG_INFORMATION_FORMAT = "dwarf-with-dsym";
				ENABLE_NS_ASSERTIONS = NO;
				ENABLE_STRICT_OBJC_MSGSEND = YES;
				GCC_C_LANGUAGE_STANDARD = gnu99;
				GCC_NO_COMMON_BLOCKS = YES;
				GCC_WARN_64_TO_32_BIT_CONVERSION = YES;
				GCC_WARN_ABOUT_RETURN_TYPE = YES_ERROR;
				GCC_WARN_UNDECLARED_SELECTOR = YES;
				GCC_WARN_UNINITIALIZED_AUTOS = YES_AGGRESSIVE;
				GCC_WARN_UNUSED_FUNCTION = YES;
				GCC_WARN_UNUSED_VARIABLE = YES;
				MACOSX_DEPLOYMENT_TARGET = 10.12;
				MTL_ENABLE_DEBUG_INFO = NO;
				SDKROOT = macosx;
			};
			name = Release;
		};
		D55ABB771F33188C00D3EABC /* Debug */ = {
			isa = XCBuildConfiguration;
			buildSettings = {
				PRODUCT_NAME = "$(TARGET_NAME)";
			};
			name = Debug;
		};
		D55ABB781F33188C00D3EABC /* Release */ = {
			isa = XCBuildConfiguration;
			buildSettings = {
				PRODUCT_NAME = "$(TARGET_NAME)";
			};
			name = Release;
		};
/* End XCBuildConfiguration section */

/* Begin XCConfigurationList section */
		D55ABB6A1F33188C00D3EABC /* Build configuration list for PBXProject "Leetcode" */ = {
			isa = XCConfigurationList;
			buildConfigurations = (
				D55ABB741F33188C00D3EABC /* Debug */,
				D55ABB751F33188C00D3EABC /* Release */,
			);
			defaultConfigurationIsVisible = 0;
			defaultConfigurationName = Release;
		};
		D55ABB761F33188C00D3EABC /* Build configuration list for PBXNativeTarget "Leetcode" */ = {
			isa = XCConfigurationList;
			buildConfigurations = (
				D55ABB771F33188C00D3EABC /* Debug */,
				D55ABB781F33188C00D3EABC /* Release */,
			);
			defaultConfigurationIsVisible = 0;
			defaultConfigurationName = Release;
		};
/* End XCConfigurationList section */
	};
	rootObject = D55ABB671F33188C00D3EABC /* Project object */;
}
