// !$*UTF8*$!
{
	archiveVersion = 1;
	classes = {
	};
	objectVersion = 46;
	objects = {

/* Begin PBXBuildFile section */
		D54DBD7D2056536A00CD44B1 /* 617.c in Sources */ = {isa = PBXBuildFile; fileRef = D54DBD7C2056536A00CD44B1 /* 617.c */; };
		D54DBD8420565C0D00CD44B1 /* BinaryTree.c in Sources */ = {isa = PBXBuildFile; fileRef = D54DBD8320565C0D00CD44B1 /* BinaryTree.c */; };
		D54DBD872056B0F500CD44B1 /* 669.c in Sources */ = {isa = PBXBuildFile; fileRef = D54DBD862056B0F500CD44B1 /* 669.c */; };
		D54DBD8D2058257500CD44B1 /* List.c in Sources */ = {isa = PBXBuildFile; fileRef = D54DBD8C2058257500CD44B1 /* List.c */; };
		D54DBD902058F5A300CD44B1 /* 206.c in Sources */ = {isa = PBXBuildFile; fileRef = D54DBD8F2058F5A300CD44B1 /* 206.c */; };
		D54DBD932058FDF900CD44B1 /* 637.c in Sources */ = {isa = PBXBuildFile; fileRef = D54DBD922058FDF900CD44B1 /* 637.c */; };
		D54DBD972059A39600CD44B1 /* Bitmap.c in Sources */ = {isa = PBXBuildFile; fileRef = D54DBD962059A39600CD44B1 /* Bitmap.c */; };
		D54DBD9A205A23C600CD44B1 /* queens.c in Sources */ = {isa = PBXBuildFile; fileRef = D54DBD99205A23C600CD44B1 /* queens.c */; };
		D55ABB731F33188C00D3EABC /* main.c in Sources */ = {isa = PBXBuildFile; fileRef = D55ABB721F33188C00D3EABC /* main.c */; };
		D55ABB7B1F33189E00D3EABC /* 650.c in Sources */ = {isa = PBXBuildFile; fileRef = D55ABB791F33189E00D3EABC /* 650.c */; };
		D55ABB7E1F331D5C00D3EABC /* 647.c in Sources */ = {isa = PBXBuildFile; fileRef = D55ABB7C1F331D5C00D3EABC /* 647.c */; };
		D55ABB811F33245C00D3EABC /* 646.c in Sources */ = {isa = PBXBuildFile; fileRef = D55ABB7F1F33245C00D3EABC /* 646.c */; };
		D55ABB841F39FFE200D3EABC /* 655.c in Sources */ = {isa = PBXBuildFile; fileRef = D55ABB821F39FFE200D3EABC /* 655.c */; };
		D59BA17E2090BDEF00A083C5 /* my_string.c in Sources */ = {isa = PBXBuildFile; fileRef = D59BA17D2090BDEF00A083C5 /* my_string.c */; };
		D5C2779B205D57F7005F3FE3 /* Stack.c in Sources */ = {isa = PBXBuildFile; fileRef = D5C2779A205D57F7005F3FE3 /* Stack.c */; };
		D5C2779E205DA095005F3FE3 /* Queue.c in Sources */ = {isa = PBXBuildFile; fileRef = D5C2779D205DA095005F3FE3 /* Queue.c */; };
		D5C277A1205E87CE005F3FE3 /* BST.c in Sources */ = {isa = PBXBuildFile; fileRef = D5C277A0205E87CE005F3FE3 /* BST.c */; };
/* End PBXBuildFile section */

/* Begin PBXCopyFilesBuildPhase section */
		D55ABB6D1F33188C00D3EABC /* CopyFiles */ = {
			isa = PBXCopyFilesBuildPhase;
			buildActionMask = 2147483647;
			dstPath = /usr/share/man/man1/;
			dstSubfolderSpec = 0;
			files = (
			);
			runOnlyForDeploymentPostprocessing = 1;
		};
/* End PBXCopyFilesBuildPhase section */

/* Begin PBXFileReference section */
		D54DBD7B2056536A00CD44B1 /* 617.h */ = {isa = PBXFileReference; lastKnownFileType = sourcecode.c.h; path = 617.h; sourceTree = "<group>"; };
		D54DBD7C2056536A00CD44B1 /* 617.c */ = {isa = PBXFileReference; lastKnownFileType = sourcecode.c.c; path = 617.c; sourceTree = "<group>"; };
		D54DBD8220565C0D00CD44B1 /* BinaryTree.h */ = {isa = PBXFileReference; lastKnownFileType = sourcecode.c.h; path = BinaryTree.h; sourceTree = "<group>"; };
		D54DBD8320565C0D00CD44B1 /* BinaryTree.c */ = {isa = PBXFileReference; lastKnownFileType = sourcecode.c.c; path = BinaryTree.c; sourceTree = "<group>"; };
		D54DBD852056B0F500CD44B1 /* 669.h */ = {isa = PBXFileReference; lastKnownFileType = sourcecode.c.h; path = 669.h; sourceTree = "<group>"; };
		D54DBD862056B0F500CD44B1 /* 669.c */ = {isa = PBXFileReference; lastKnownFileType = sourcecode.c.c; path = 669.c; sourceTree = "<group>"; };
		D54DBD8B2058257500CD44B1 /* List.h */ = {isa = PBXFileReference; lastKnownFileType = sourcecode.c.h; path = List.h; sourceTree = "<group>"; };
		D54DBD8C2058257500CD44B1 /* List.c */ = {isa = PBXFileReference; lastKnownFileType = sourcecode.c.c; path = List.c; sourceTree = "<group>"; };
		D54DBD8E2058F5A300CD44B1 /* 206.h */ = {isa = PBXFileReference; lastKnownFileType = sourcecode.c.h; path = 206.h; sourceTree = "<group>"; };
		D54DBD8F2058F5A300CD44B1 /* 206.c */ = {isa = PBXFileReference; lastKnownFileType = sourcecode.c.c; path = 206.c; sourceTree = "<group>"; };
		D54DBD912058FDF900CD44B1 /* 637.h */ = {isa = PBXFileReference; lastKnownFileType = sourcecode.c.h; path = 637.h; sourceTree = "<group>"; };
		D54DBD922058FDF900CD44B1 /* 637.c */ = {isa = PBXFileReference; lastKnownFileType = sourcecode.c.c; path = 637.c; sourceTree = "<group>"; };
		D54DBD952059A39600CD44B1 /* Bitmap.h */ = {isa = PBXFileReference; lastKnownFileType = sourcecode.c.h; path = Bitmap.h; sourceTree = "<group>"; };
		D54DBD962059A39600CD44B1 /* Bitmap.c */ = {isa = PBXFileReference; lastKnownFileType = sourcecode.c.c; path = Bitmap.c; sourceTree = "<group>"; };
		D54DBD98205A23C600CD44B1 /* queens.h */ = {isa = PBXFileReference; lastKnownFileType = sourcecode.c.h; path = queens.h; sourceTree = "<group>"; };
		D54DBD99205A23C600CD44B1 /* queens.c */ = {isa = PBXFileReference; lastKnownFileType = sourcecode.c.c; path = queens.c; sourceTree = "<group>"; };
		D55ABB6F1F33188C00D3EABC /* Leetcode */ = {isa = PBXFileReference; explicitFileType = "compiled.mach-o.executable"; includeInIndex = 0; path = Leetcode; sourceTree = BUILT_PRODUCTS_DIR; };
		D55ABB721F33188C00D3EABC /* main.c */ = {isa = PBXFileReference; lastKnownFileType = sourcecode.c.c; path = main.c; sourceTree = "<group>"; };
		D55ABB791F33189E00D3EABC /* 650.c */ = {isa = PBXFileReference; fileEncoding = 4; lastKnownFileType = sourcecode.c.c; path = 650.c; sourceTree = "<group>"; };
		D55ABB7A1F33189E00D3EABC /* 650.h */ = {isa = PBXFileReference; fileEncoding = 4; lastKnownFileType = sourcecode.c.h; path = 650.h; sourceTree = "<group>"; };
		D55ABB7C1F331D5C00D3EABC /* 647.c */ = {isa = PBXFileReference; fileEncoding = 4; lastKnownFileType = sourcecode.c.c; path = 647.c; sourceTree = "<group>"; };
		D55ABB7D1F331D5C00D3EABC /* 647.h */ = {isa = PBXFileReference; fileEncoding = 4; lastKnownFileType = sourcecode.c.h; path = 647.h; sourceTree = "<group>"; };
		D55ABB7F1F33245C00D3EABC /* 646.c */ = {isa = PBXFileReference; fileEncoding = 4; lastKnownFileType = sourcecode.c.c; path = 646.c; sourceTree = "<group>"; };
		D55ABB801F33245C00D3EABC /* 646.h */ = {isa = PBXFileReference; fileEncoding = 4; lastKnownFileType = sourcecode.c.h; path = 646.h; sourceTree = "<group>"; };
		D55ABB821F39FFE200D3EABC /* 655.c */ = {isa = PBXFileReference; fileEncoding = 4; lastKnownFileType = sourcecode.c.c; path = 655.c; sourceTree = "<group>"; };
		D55ABB831F39FFE200D3EABC /* 655.h */ = {isa = PBXFileReference; fileEncoding = 4; lastKnownFileType = sourcecode.c.h; path = 655.h; sourceTree = "<group>"; };
		D59BA17C2090BDEF00A083C5 /* my_string.h */ = {isa = PBXFileReference; lastKnownFileType = sourcecode.c.h; path = my_string.h; sourceTree = "<group>"; };
		D59BA17D2090BDEF00A083C5 /* my_string.c */ = {isa = PBXFileReference; lastKnownFileType = sourcecode.c.c; path = my_string.c; sourceTree = "<group>"; };
		D5C27799205D57F7005F3FE3 /* Stack.h */ = {isa = PBXFileReference; lastKnownFileType = sourcecode.c.h; path = Stack.h; sourceTree = "<group>"; };
		D5C2779A205D57F7005F3FE3 /* Stack.c */ = {isa = PBXFileReference; lastKnownFileType = sourcecode.c.c; path = Stack.c; sourceTree = "<group>"; };
		D5C2779C205DA095005F3FE3 /* Queue.h */ = {isa = PBXFileReference; lastKnownFileType = sourcecode.c.h; path = Queue.h; sourceTree = "<group>"; };
		D5C2779D205DA095005F3FE3 /* Queue.c */ = {isa = PBXFileReference; lastKnownFileType = sourcecode.c.c; path = Queue.c; sourceTree = "<group>"; };
		D5C2779F205E87CE005F3FE3 /* BST.h */ = {isa = PBXFileReference; lastKnownFileType = sourcecode.c.h; path = BST.h; sourceTree = "<group>"; };
		D5C277A0205E87CE005F3FE3 /* BST.c */ = {isa = PBXFileReference; lastKnownFileType = sourcecode.c.c; path = BST.c; sourceTree = "<group>"; };
/* End PBXFileReference section */

/* Begin PBXFrameworksBuildPhase section */
		D55ABB6C1F33188C00D3EABC /* Frameworks */ = {
			isa = PBXFrameworksBuildPhase;
			buildActionMask = 2147483647;
			files = (
			);
			runOnlyForDeploymentPostprocessing = 0;
		};
/* End PBXFrameworksBuildPhase section */

/* Begin PBXGroup section */
		D54DBD8020565BD700CD44B1 /* DataStructure */ = {
			isa = PBXGroup;
			children = (
				D54DBD952059A39600CD44B1 /* Bitmap.h */,
				D54DBD962059A39600CD44B1 /* Bitmap.c */,
				D54DBD8220565C0D00CD44B1 /* BinaryTree.h */,
				D54DBD8320565C0D00CD44B1 /* BinaryTree.c */,
				D54DBD8B2058257500CD44B1 /* List.h */,
				D54DBD8C2058257500CD44B1 /* List.c */,
				D5C27799205D57F7005F3FE3 /* Stack.h */,
				D5C2779A205D57F7005F3FE3 /* Stack.c */,
				D5C2779C205DA095005F3FE3 /* Queue.h */,
				D5C2779D205DA095005F3FE3 /* Queue.c */,
				D5C2779F205E87CE005F3FE3 /* BST.h */,
				D5C277A0205E87CE005F3FE3 /* BST.c */,
			);
			path = DataStructure;
			sourceTree = "<group>";
		};
		D54DBD942059A37900CD44B1 /* Common */ = {
			isa = PBXGroup;
			children = (
			);
			path = Common;
			sourceTree = "<group>";
		};
		D55ABB661F33188C00D3EABC = {
			isa = PBXGroup;
			children = (
				D59BA17B2090BDD600A083C5 /* String */,
				D55ABB711F33188C00D3EABC /* Leetcode */,
				D55ABB701F33188C00D3EABC /* Products */,
			);
			sourceTree = "<group>";
		};
		D55ABB701F33188C00D3EABC /* Products */ = {
			isa = PBXGroup;
			children = (
				D55ABB6F1F33188C00D3EABC /* Leetcode */,
			);
			name = Products;
			sourceTree = "<group>";
		};
		D55ABB711F33188C00D3EABC /* Leetcode */ = {
			isa = PBXGroup;
			children = (
				D54DBD942059A37900CD44B1 /* Common */,
				D54DBD8020565BD700CD44B1 /* DataStructure */,
				D55ABB721F33188C00D3EABC /* main.c */,
				D55ABB791F33189E00D3EABC /* 650.c */,
				D55ABB7A1F33189E00D3EABC /* 650.h */,
				D55ABB7C1F331D5C00D3EABC /* 647.c */,
				D55ABB7D1F331D5C00D3EABC /* 647.h */,
				D55ABB7F1F33245C00D3EABC /* 646.c */,
				D55ABB821F39FFE200D3EABC /* 655.c */,
				D55ABB831F39FFE200D3EABC /* 655.h */,
				D55ABB801F33245C00D3EABC /* 646.h */,
				D54DBD7B2056536A00CD44B1 /* 617.h */,
				D54DBD7C2056536A00CD44B1 /* 617.c */,
				D54DBD852056B0F500CD44B1 /* 669.h */,
				D54DBD862056B0F500CD44B1 /* 669.c */,
				D54DBD8E2058F5A300CD44B1 /* 206.h */,
				D54DBD8F2058F5A300CD44B1 /* 206.c */,
				D54DBD912058FDF900CD44B1 /* 637.h */,
				D54DBD922058FDF900CD44B1 /* 637.c */,
				D54DBD98205A23C600CD44B1 /* queens.h */,
				D54DBD99205A23C600CD44B1 /* queens.c */,
			);
			path = Leetcode;
			sourceTree = "<group>";
		};
		D59BA17B2090BDD600A083C5 /* String */ = {
			isa = PBXGroup;
			children = (
				D59BA17C2090BDEF00A083C5 /* my_string.h */,
				D59BA17D2090BDEF00A083C5 /* my_string.c */,
			);
			path = String;
			sourceTree = "<group>";
		};
/* End PBXGroup section */

/* Begin PBXNativeTarget section */
		D55ABB6E1F33188C00D3EABC /* Leetcode */ = {
			isa = PBXNativeTarget;
			buildConfigurationList = D55ABB761F33188C00D3EABC /* Build configuration list for PBXNativeTarget "Leetcode" */;
			buildPhases = (
				D55ABB6B1F33188C00D3EABC /* Sources */,
				D55ABB6C1F33188C00D3EABC /* Frameworks */,
				D55ABB6D1F33188C00D3EABC /* CopyFiles */,
			);
			buildRules = (
			);
			dependencies = (
			);
			name = Leetcode;
			productName = Leetcode;
			productReference = D55ABB6F1F33188C00D3EABC /* Leetcode */;
			productType = "com.apple.product-type.tool";
		};
/* End PBXNativeTarget section */

/* Begin PBXProject section */
		D55ABB671F33188C00D3EABC /* Project object */ = {
			isa = PBXProject;
			attributes = {
				LastUpgradeCheck = 0830;
				ORGANIZATIONNAME = "胡星宇";
				TargetAttributes = {
					D55ABB6E1F33188C00D3EABC = {
						CreatedOnToolsVersion = 8.3.3;
						ProvisioningStyle = Automatic;
					};
				};
			};
			buildConfigurationList = D55ABB6A1F33188C00D3EABC /* Build configuration list for PBXProject "Leetcode" */;
			compatibilityVersion = "Xcode 3.2";
			developmentRegion = English;
			hasScannedForEncodings = 0;
			knownRegions = (
				en,
			);
			mainGroup = D55ABB661F33188C00D3EABC;
			productRefGroup = D55ABB701F33188C00D3EABC /* Products */;
			projectDirPath = "";
			projectRoot = "";
			targets = (
				D55ABB6E1F33188C00D3EABC /* Leetcode */,
			);
		};
/* End PBXProject section */

/* Begin PBXSourcesBuildPhase section */
		D55ABB6B1F33188C00D3EABC /* Sources */ = {
			isa = PBXSourcesBuildPhase;
			buildActionMask = 2147483647;
			files = (
				D5C2779E205DA095005F3FE3 /* Queue.c in Sources */,
				D54DBD932058FDF900CD44B1 /* 637.c in Sources */,
				D54DBD7D2056536A00CD44B1 /* 617.c in Sources */,
				D54DBD8D2058257500CD44B1 /* List.c in Sources */,
				D55ABB7E1F331D5C00D3EABC /* 647.c in Sources */,
				D55ABB731F33188C00D3EABC /* main.c in Sources */,
				D54DBD872056B0F500CD44B1 /* 669.c in Sources */,
				D5C2779B205D57F7005F3FE3 /* Stack.c in Sources */,
				D55ABB811F33245C00D3EABC /* 646.c in Sources */,
				D59BA17E2090BDEF00A083C5 /* my_string.c in Sources */,
				D55ABB841F39FFE200D3EABC /* 655.c in Sources */,
				D55ABB7B1F33189E00D3EABC /* 650.c in Sources */,
				D54DBD9A205A23C600CD44B1 /* queens.c in Sources */,
				D54DBD972059A39600CD44B1 /* Bitmap.c in Sources */,
				D54DBD902058F5A300CD44B1 /* 206.c in Sources */,
				D54DBD8420565C0D00CD44B1 /* BinaryTree.c in Sources */,
				D5C277A1205E87CE005F3FE3 /* BST.c in Sources */,
			);
			runOnlyForDeploymentPostprocessing = 0;
		};
/* End PBXSourcesBuildPhase section */

/* Begin XCBuildConfiguration section */
		D55ABB741F33188C00D3EABC /* Debug */ = {
			isa = XCBuildConfiguration;
			buildSettings = {
				ALWAYS_SEARCH_USER_PATHS = NO;
				CLANG_ANALYZER_NONNULL = YES;
				CLANG_ANALYZER_NUMBER_OBJECT_CONVERSION = YES_AGGRESSIVE;
				CLANG_CXX_LANGUAGE_STANDARD = "gnu++0x";
				CLANG_CXX_LIBRARY = "libc++";
				CLANG_ENABLE_MODULES = YES;
				CLANG_ENABLE_OBJC_ARC = YES;
				CLANG_WARN_BOOL_CONVERSION = YES;
				CLANG_WARN_CONSTANT_CONVERSION = YES;
				CLANG_WARN_DIRECT_OBJC_ISA_USAGE = YES_ERROR;
				CLANG_WARN_DOCUMENTATION_COMMENTS = YES;
				CLANG_WARN_EMPTY_BODY = YES;
				CLANG_WARN_ENUM_CONVERSION = YES;
				CLANG_WARN_INFINITE_RECURSION = YES;
				CLANG_WARN_INT_CONVERSION = YES;
				CLANG_WARN_OBJC_ROOT_CLASS = YES_ERROR;
				CLANG_WARN_SUSPICIOUS_MOVE = YES;
				CLANG_WARN_UNREACHABLE_CODE = YES;
				CLANG_WARN__DUPLICATE_METHOD_MATCH = YES;
				CODE_SIGN_IDENTITY = "-";
				COPY_PHASE_STRIP = NO;
				DEBUG_INFORMATION_FORMAT = dwarf;
				ENABLE_STRICT_OBJC_MSGSEND = YES;
				ENABLE_TESTABILITY = YES;
				GCC_C_LANGUAGE_STANDARD = gnu99;
				GCC_DYNAMIC_NO_PIC = NO;
				GCC_NO_COMMON_BLOCKS = YES;
				GCC_OPTIMIZATION_LEVEL = 0;
				GCC_PREPROCESSOR_DEFINITIONS = (
					"DEBUG=1",
					"$(inherited)",
				);
				GCC_WARN_64_TO_32_BIT_CONVERSION = YES;
				GCC_WARN_ABOUT_RETURN_TYPE = YES_ERROR;
				GCC_WARN_UNDECLARED_SELECTOR = YES;
				GCC_WARN_UNINITIALIZED_AUTOS = YES_AGGRESSIVE;
				GCC_WARN_UNUSED_FUNCTION = YES;
				GCC_WARN_UNUSED_VARIABLE = YES;
				MACOSX_DEPLOYMENT_TARGET = 10.12;
				MTL_ENABLE_DEBUG_INFO = YES;
				ONLY_ACTIVE_ARCH = YES;
				SDKROOT = macosx;
			};
			name = Debug;
		};
		D55ABB751F33188C00D3EABC /* Release */ = {
			isa = XCBuildConfiguration;
			buildSettings = {
				ALWAYS_SEARCH_USER_PATHS = NO;
				CLANG_ANALYZER_NONNULL = YES;
				CLANG_ANALYZER_NUMBER_OBJECT_CONVERSION = YES_AGGRESSIVE;
				CLANG_CXX_LANGUAGE_STANDARD = "gnu++0x";
				CLANG_CXX_LIBRARY = "libc++";
				CLANG_ENABLE_MODULES = YES;
				CLANG_ENABLE_OBJC_ARC = YES;
				CLANG_WARN_BOOL_CONVERSION = YES;
				CLANG_WARN_CONSTANT_CONVERSION = YES;
				CLANG_WARN_DIRECT_OBJC_ISA_USAGE = YES_ERROR;
				CLANG_WARN_DOCUMENTATION_COMMENTS = YES;
				CLANG_WARN_EMPTY_BODY = YES;
				CLANG_WARN_ENUM_CONVERSION = YES;
				CLANG_WARN_INFINITE_RECURSION = YES;
				CLANG_WARN_INT_CONVERSION = YES;
				CLANG_WARN_OBJC_ROOT_CLASS = YES_ERROR;
				CLANG_WARN_SUSPICIOUS_MOVE = YES;
				CLANG_WARN_UNREACHABLE_CODE = YES;
				CLANG_WARN__DUPLICATE_METHOD_MATCH = YES;
				CODE_SIGN_IDENTITY = "-";
				COPY_PHASE_STRIP = NO;
				DEBUG_INFORMATION_FORMAT = "dwarf-with-dsym";
				ENABLE_NS_ASSERTIONS = NO;
				ENABLE_STRICT_OBJC_MSGSEND = YES;
				GCC_C_LANGUAGE_STANDARD = gnu99;
				GCC_NO_COMMON_BLOCKS = YES;
				GCC_WARN_64_TO_32_BIT_CONVERSION = YES;
				GCC_WARN_ABOUT_RETURN_TYPE = YES_ERROR;
				GCC_WARN_UNDECLARED_SELECTOR = YES;
				GCC_WARN_UNINITIALIZED_AUTOS = YES_AGGRESSIVE;
				GCC_WARN_UNUSED_FUNCTION = YES;
				GCC_WARN_UNUSED_VARIABLE = YES;
				MACOSX_DEPLOYMENT_TARGET = 10.12;
				MTL_ENABLE_DEBUG_INFO = NO;
				SDKROOT = macosx;
			};
			name = Release;
		};
		D55ABB771F33188C00D3EABC /* Debug */ = {
			isa = XCBuildConfiguration;
			buildSettings = {
				PRODUCT_NAME = "$(TARGET_NAME)";
			};
			name = Debug;
		};
		D55ABB781F33188C00D3EABC /* Release */ = {
			isa = XCBuildConfiguration;
			buildSettings = {
				PRODUCT_NAME = "$(TARGET_NAME)";
			};
			name = Release;
		};
/* End XCBuildConfiguration section */

/* Begin XCConfigurationList section */
		D55ABB6A1F33188C00D3EABC /* Build configuration list for PBXProject "Leetcode" */ = {
			isa = XCConfigurationList;
			buildConfigurations = (
				D55ABB741F33188C00D3EABC /* Debug */,
				D55ABB751F33188C00D3EABC /* Release */,
			);
			defaultConfigurationIsVisible = 0;
			defaultConfigurationName = Release;
		};
		D55ABB761F33188C00D3EABC /* Build configuration list for PBXNativeTarget "Leetcode" */ = {
			isa = XCConfigurationList;
			buildConfigurations = (
				D55ABB771F33188C00D3EABC /* Debug */,
				D55ABB781F33188C00D3EABC /* Release */,
			);
			defaultConfigurationIsVisible = 0;
			defaultConfigurationName = Release;
		};
/* End XCConfigurationList section */
	};
	rootObject = D55ABB671F33188C00D3EABC /* Project object */;
}
